
Microsoft Visual Studio Solution File, Format Version 12.00
# Visual Studio Version 17
VisualStudioVersion = 17.10.35013.160
MinimumVisualStudioVersion = 10.0.40219.1
Project("{9A19103F-16F7-4668-BE54-9A1E7A4F7556}") = "Forge.DirectoryMapper.Core", "Forge.DirectoryMapper.Core.csproj", "{681641F3-DE2F-4CB1-B359-15F7C38E6225}"
EndProject
Project("{9A19103F-16F7-4668-BE54-9A1E7A4F7556}") = "Forge.DirectoryMapper.Generator", "..\Generator\Forge.DirectoryMapper.Generator.csproj", "{3990AAD6-354C-4A94-93F9-A787E53472EE}"
EndProject
Project("{FAE04EC0-301F-11D3-BF4B-00C04F79EFBC}") = "Forge.DirectoryMapper.TestConsole", "..\Forge.DirectoryMapper.TestConsole\Forge.DirectoryMapper.TestConsole.csproj", "{11949380-574D-4477-A566-FD2228579A4E}"
EndProject
Global
	GlobalSection(SolutionConfigurationPlatforms) = preSolution
		Debug|Any CPU = Debug|Any CPU
		Release|Any CPU = Release|Any CPU
	EndGlobalSection
	GlobalSection(ProjectConfigurationPlatforms) = postSolution
		{681641F3-DE2F-4CB1-B359-15F7C38E6225}.Debug|Any CPU.ActiveCfg = Debug|Any CPU
		{681641F3-DE2F-4CB1-B359-15F7C38E6225}.Debug|Any CPU.Build.0 = Debug|Any CPU
		{681641F3-DE2F-4CB1-B359-15F7C38E6225}.Release|Any CPU.ActiveCfg = Release|Any CPU
		{681641F3-DE2F-4CB1-B359-15F7C38E6225}.Release|Any CPU.Build.0 = Release|Any CPU
		{3990AAD6-354C-4A94-93F9-A787E53472EE}.Debug|Any CPU.ActiveCfg = Debug|Any CPU
		{3990AAD6-354C-4A94-93F9-A787E53472EE}.Debug|Any CPU.Build.0 = Debug|Any CPU
		{3990AAD6-354C-4A94-93F9-A787E53472EE}.Release|Any CPU.ActiveCfg = Release|Any CPU
		{3990AAD6-354C-4A94-93F9-A787E53472EE}.Release|Any CPU.Build.0 = Release|Any CPU
		{11949380-574D-4477-A566-FD2228579A4E}.Debug|Any CPU.ActiveCfg = Debug|Any CPU
		{11949380-574D-4477-A566-FD2228579A4E}.Debug|Any CPU.Build.0 = Debug|Any CPU
		{11949380-574D-4477-A566-FD2228579A4E}.Release|Any CPU.ActiveCfg = Release|Any CPU
		{11949380-574D-4477-A566-FD2228579A4E}.Release|Any CPU.Build.0 = Release|Any CPU
	EndGlobalSection
	GlobalSection(SolutionProperties) = preSolution
		HideSolutionNode = FALSE
	EndGlobalSection
	GlobalSection(ExtensibilityGlobals) = postSolution
		SolutionGuid = {AF934CD8-12C1-4A1E-A15A-21DAD6D69339}
	EndGlobalSection
EndGlobal
